// !$*UTF8*$!
{
	archiveVersion = 1;
	classes = {
	};
	objectVersion = 46;
	objects = {

/* Begin PBXBuildFile section */
		3148B5F6EC92C6A602E01809 /* ofxHapImage.cpp in Sources */ = {isa = PBXBuildFile; fileRef = 79737DE4E86087FEEBDBFF09 /* ofxHapImage.cpp */; };
		3CBC587175F3729357F3D777 /* YCoCgDXT.cpp in Sources */ = {isa = PBXBuildFile; fileRef = 19174FBD3CCE9EB637D7B7CF /* YCoCgDXT.cpp */; };
		72B491749BEF5E9BE30E7D40 /* YCoCg.c in Sources */ = {isa = PBXBuildFile; fileRef = F2B3CA28994816A12E62CAA3 /* YCoCg.c */; };
		C684590048438C8AC7B72633 /* ImageMath.c in Sources */ = {isa = PBXBuildFile; fileRef = 1B17513730E98F50B6008CB1 /* ImageMath.c */; };
		D8E27E29F11EDB955EA1C308 /* hap.c in Sources */ = {isa = PBXBuildFile; fileRef = 46FC8DE8D6D117A0237B9F88 /* hap.c */; };
		E2A97417201F5FA000EA4DDC /* hap_old_images.c in Sources */ = {isa = PBXBuildFile; fileRef = E2A97415201F5FA000EA4DDC /* hap_old_images.c */; };
		E4328149138ABC9F0047C5CB /* openFrameworksDebug.a in Frameworks */ = {isa = PBXBuildFile; fileRef = E4328148138ABC890047C5CB /* openFrameworksDebug.a */; };
		E4B69E200A3A1BDC003C02F2 /* main.cpp in Sources */ = {isa = PBXBuildFile; fileRef = E4B69E1D0A3A1BDC003C02F2 /* main.cpp */; };
		E4B69E210A3A1BDC003C02F2 /* ofApp.cpp in Sources */ = {isa = PBXBuildFile; fileRef = E4B69E1E0A3A1BDC003C02F2 /* ofApp.cpp */; };
/* End PBXBuildFile section */

/* Begin PBXContainerItemProxy section */
		E4328147138ABC890047C5CB /* PBXContainerItemProxy */ = {
			isa = PBXContainerItemProxy;
			containerPortal = E4328143138ABC890047C5CB /* openFrameworksLib.xcodeproj */;
			proxyType = 2;
			remoteGlobalIDString = E4B27C1510CBEB8E00536013;
			remoteInfo = openFrameworks;
		};
		E4EEB9AB138B136A00A80321 /* PBXContainerItemProxy */ = {
			isa = PBXContainerItemProxy;
			containerPortal = E4328143138ABC890047C5CB /* openFrameworksLib.xcodeproj */;
			proxyType = 1;
			remoteGlobalIDString = E4B27C1410CBEB8E00536013;
			remoteInfo = openFrameworks;
		};
/* End PBXContainerItemProxy section */

/* Begin PBXCopyFilesBuildPhase section */
		E4C2427710CC5ABF004149E2 /* CopyFiles */ = {
			isa = PBXCopyFilesBuildPhase;
			buildActionMask = 2147483647;
			dstPath = "";
			dstSubfolderSpec = 10;
			files = (
			);
			runOnlyForDeploymentPostprocessing = 0;
		};
/* End PBXCopyFilesBuildPhase section */

/* Begin PBXFileReference section */
		0E657DC760DFC6DF70B0613D /* snappy-c.h */ = {isa = PBXFileReference; explicitFileType = sourcecode.c.h; fileEncoding = 30; name = "snappy-c.h"; path = "../../../addons/ofxHapImage/libs/snappy/include/snappy-c.h"; sourceTree = SOURCE_ROOT; };
		19174FBD3CCE9EB637D7B7CF /* YCoCgDXT.cpp */ = {isa = PBXFileReference; explicitFileType = sourcecode.cpp.cpp; fileEncoding = 30; name = YCoCgDXT.cpp; path = ../../../addons/ofxHapImage/libs/YCoCgDXT/src/YCoCgDXT.cpp; sourceTree = SOURCE_ROOT; };
		1B17513730E98F50B6008CB1 /* ImageMath.c */ = {isa = PBXFileReference; explicitFileType = sourcecode.c.c; fileEncoding = 30; name = ImageMath.c; path = ../../../addons/ofxHapImage/libs/YCoCgDXT/src/ImageMath.c; sourceTree = SOURCE_ROOT; };
		42FE5CAADBC3A886A061FB53 /* hap.h */ = {isa = PBXFileReference; explicitFileType = sourcecode.c.h; fileEncoding = 30; name = hap.h; path = ../../../addons/ofxHapImage/libs/Hap/src/hap.h; sourceTree = SOURCE_ROOT; };
		46FC8DE8D6D117A0237B9F88 /* hap.c */ = {isa = PBXFileReference; explicitFileType = sourcecode.c.c; fileEncoding = 30; name = hap.c; path = ../../../addons/ofxHapImage/libs/Hap/src/hap.c; sourceTree = SOURCE_ROOT; };
		715CEF1304CA91F04FBB7176 /* YCoCg.h */ = {isa = PBXFileReference; explicitFileType = sourcecode.c.h; fileEncoding = 30; name = YCoCg.h; path = ../../../addons/ofxHapImage/libs/YCoCgDXT/src/YCoCg.h; sourceTree = SOURCE_ROOT; };
		79737DE4E86087FEEBDBFF09 /* ofxHapImage.cpp */ = {isa = PBXFileReference; explicitFileType = sourcecode.cpp.cpp; fileEncoding = 30; name = ofxHapImage.cpp; path = ../../../addons/ofxHapImage/src/ofxHapImage.cpp; sourceTree = SOURCE_ROOT; };
		7FAE31611644E192EAE51228 /* ImageMath.h */ = {isa = PBXFileReference; explicitFileType = sourcecode.c.h; fileEncoding = 30; name = ImageMath.h; path = ../../../addons/ofxHapImage/libs/YCoCgDXT/src/ImageMath.h; sourceTree = SOURCE_ROOT; };
		89862FC35AF15B4A61184CC2 /* snappy-sinksource.h */ = {isa = PBXFileReference; explicitFileType = sourcecode.c.h; fileEncoding = 30; name = "snappy-sinksource.h"; path = "../../../addons/ofxHapImage/libs/snappy/include/snappy-sinksource.h"; sourceTree = SOURCE_ROOT; };
		90F2AB381CA70FA4B403F3BD /* ofxHapImage.h */ = {isa = PBXFileReference; explicitFileType = sourcecode.c.h; fileEncoding = 30; name = ofxHapImage.h; path = ../../../addons/ofxHapImage/src/ofxHapImage.h; sourceTree = SOURCE_ROOT; };
		B12E3BF2F43B0BF3BA0AC235 /* YCoCgDXT.h */ = {isa = PBXFileReference; explicitFileType = sourcecode.c.h; fileEncoding = 30; name = YCoCgDXT.h; path = ../../../addons/ofxHapImage/libs/YCoCgDXT/src/YCoCgDXT.h; sourceTree = SOURCE_ROOT; };
		B2EA941788F7799EFABA4C07 /* snappy-stubs-public.h */ = {isa = PBXFileReference; explicitFileType = sourcecode.c.h; fileEncoding = 30; name = "snappy-stubs-public.h"; path = "../../../addons/ofxHapImage/libs/snappy/include/snappy-stubs-public.h"; sourceTree = SOURCE_ROOT; };
		BBD994B44529E5C2991EACD7 /* squish.h */ = {isa = PBXFileReference; explicitFileType = sourcecode.c.h; fileEncoding = 30; name = squish.h; path = ../../../addons/ofxHapImage/libs/squish/include/squish.h; sourceTree = SOURCE_ROOT; };
		E2A97415201F5FA000EA4DDC /* hap_old_images.c */ = {isa = PBXFileReference; fileEncoding = 4; lastKnownFileType = sourcecode.c.c; name = hap_old_images.c; path = ../libs/Hap/src/hap_old_images.c; sourceTree = "<group>"; };
		E2A97416201F5FA000EA4DDC /* hap_old_images.h */ = {isa = PBXFileReference; fileEncoding = 4; lastKnownFileType = sourcecode.c.h; name = hap_old_images.h; path = ../libs/Hap/src/hap_old_images.h; sourceTree = "<group>"; };
		E4328143138ABC890047C5CB /* openFrameworksLib.xcodeproj */ = {isa = PBXFileReference; lastKnownFileType = "wrapper.pb-project"; name = openFrameworksLib.xcodeproj; path = ../../../libs/openFrameworksCompiled/project/osx/openFrameworksLib.xcodeproj; sourceTree = SOURCE_ROOT; };
		E4B69B5B0A3A1756003C02F2 /* example_ofxHapImageDebug.app */ = {isa = PBXFileReference; explicitFileType = wrapper.application; includeInIndex = 0; path = example_ofxHapImageDebug.app; sourceTree = BUILT_PRODUCTS_DIR; };
		E4B69E1D0A3A1BDC003C02F2 /* main.cpp */ = {isa = PBXFileReference; fileEncoding = 30; lastKnownFileType = sourcecode.cpp.cpp; name = main.cpp; path = src/main.cpp; sourceTree = SOURCE_ROOT; };
		E4B69E1E0A3A1BDC003C02F2 /* ofApp.cpp */ = {isa = PBXFileReference; explicitFileType = sourcecode.cpp.cpp; fileEncoding = 30; name = ofApp.cpp; path = src/ofApp.cpp; sourceTree = SOURCE_ROOT; };
		E4B69E1F0A3A1BDC003C02F2 /* ofApp.h */ = {isa = PBXFileReference; fileEncoding = 30; lastKnownFileType = sourcecode.c.h; name = ofApp.h; path = src/ofApp.h; sourceTree = SOURCE_ROOT; };
		E4B6FCAD0C3E899E008CF71C /* openFrameworks-Info.plist */ = {isa = PBXFileReference; fileEncoding = 30; lastKnownFileType = text.plist.xml; path = "openFrameworks-Info.plist"; sourceTree = "<group>"; };
		E4EB691F138AFCF100A09F29 /* CoreOF.xcconfig */ = {isa = PBXFileReference; fileEncoding = 4; lastKnownFileType = text.xcconfig; name = CoreOF.xcconfig; path = ../../../libs/openFrameworksCompiled/project/osx/CoreOF.xcconfig; sourceTree = SOURCE_ROOT; };
		E4EB6923138AFD0F00A09F29 /* Project.xcconfig */ = {isa = PBXFileReference; fileEncoding = 4; lastKnownFileType = text.xcconfig; path = Project.xcconfig; sourceTree = "<group>"; };
		ED12DC8F55B17296E15C4935 /* snappy.h */ = {isa = PBXFileReference; explicitFileType = sourcecode.c.h; fileEncoding = 30; name = snappy.h; path = ../../../addons/ofxHapImage/libs/snappy/include/snappy.h; sourceTree = SOURCE_ROOT; };
		F2B3CA28994816A12E62CAA3 /* YCoCg.c */ = {isa = PBXFileReference; explicitFileType = sourcecode.c.c; fileEncoding = 30; name = YCoCg.c; path = ../../../addons/ofxHapImage/libs/YCoCgDXT/src/YCoCg.c; sourceTree = SOURCE_ROOT; };
/* End PBXFileReference section */

/* Begin PBXFrameworksBuildPhase section */
		E4B69B590A3A1756003C02F2 /* Frameworks */ = {
			isa = PBXFrameworksBuildPhase;
			buildActionMask = 2147483647;
			files = (
				E4328149138ABC9F0047C5CB /* openFrameworksDebug.a in Frameworks */,
			);
			runOnlyForDeploymentPostprocessing = 0;
		};
/* End PBXFrameworksBuildPhase section */

/* Begin PBXGroup section */
		3A3EA444CD4586DEC4479D9D /* snappy */ = {
			isa = PBXGroup;
			children = (
				3B3B176B798D8D22FDA778CA /* include */,
			);
			name = snappy;
			sourceTree = "<group>";
		};
		3B3B176B798D8D22FDA778CA /* include */ = {
			isa = PBXGroup;
			children = (
				0E657DC760DFC6DF70B0613D /* snappy-c.h */,
				89862FC35AF15B4A61184CC2 /* snappy-sinksource.h */,
				B2EA941788F7799EFABA4C07 /* snappy-stubs-public.h */,
				ED12DC8F55B17296E15C4935 /* snappy.h */,
			);
			name = include;
			sourceTree = "<group>";
		};
		4DE8AE4B80BB24A507CB5393 /* src */ = {
			isa = PBXGroup;
			children = (
				79737DE4E86087FEEBDBFF09 /* ofxHapImage.cpp */,
				90F2AB381CA70FA4B403F3BD /* ofxHapImage.h */,
			);
			name = src;
			sourceTree = "<group>";
		};
		67EAEF5328D8677F9737BEE5 /* squish */ = {
			isa = PBXGroup;
			children = (
				F883AABEF87F9A8828CBD6F3 /* include */,
			);
			name = squish;
			sourceTree = "<group>";
		};
		6948EE371B920CB800B5AC1A /* local_addons */ = {
			isa = PBXGroup;
			children = (
			);
			name = local_addons;
			sourceTree = "<group>";
		};
		7F2E2B61EF5393829CAF3BB1 /* Hap */ = {
			isa = PBXGroup;
			children = (
				E9B244A5B99F94CEECE615A5 /* src */,
			);
			name = Hap;
			sourceTree = "<group>";
		};
		819151A4573FEE2946EC3378 /* YCoCgDXT */ = {
			isa = PBXGroup;
			children = (
				EA62F73A62543A8FFE761039 /* src */,
			);
			name = YCoCgDXT;
			sourceTree = "<group>";
		};
		AEA67E3025549F3FF5F9E329 /* ofxHapImage */ = {
			isa = PBXGroup;
			children = (
				4DE8AE4B80BB24A507CB5393 /* src */,
				B8A7F8181B3B80572A900906 /* libs */,
			);
			name = ofxHapImage;
			sourceTree = "<group>";
		};
		B8A7F8181B3B80572A900906 /* libs */ = {
			isa = PBXGroup;
			children = (
				7F2E2B61EF5393829CAF3BB1 /* Hap */,
				3A3EA444CD4586DEC4479D9D /* snappy */,
				67EAEF5328D8677F9737BEE5 /* squish */,
				819151A4573FEE2946EC3378 /* YCoCgDXT */,
			);
			name = libs;
			sourceTree = "<group>";
		};
		BB4B014C10F69532006C3DED /* addons */ = {
			isa = PBXGroup;
			children = (
				AEA67E3025549F3FF5F9E329 /* ofxHapImage */,
			);
			name = addons;
			sourceTree = "<group>";
		};
		E4328144138ABC890047C5CB /* Products */ = {
			isa = PBXGroup;
			children = (
				E4328148138ABC890047C5CB /* openFrameworksDebug.a */,
			);
			name = Products;
			sourceTree = "<group>";
		};
		E4B69B4A0A3A1720003C02F2 = {
			isa = PBXGroup;
			children = (
				E4B6FCAD0C3E899E008CF71C /* openFrameworks-Info.plist */,
				E4EB6923138AFD0F00A09F29 /* Project.xcconfig */,
				E4B69E1C0A3A1BDC003C02F2 /* src */,
				E4EEC9E9138DF44700A80321 /* openFrameworks */,
				BB4B014C10F69532006C3DED /* addons */,
				6948EE371B920CB800B5AC1A /* local_addons */,
				E4B69B5B0A3A1756003C02F2 /* example_ofxHapImageDebug.app */,
			);
			sourceTree = "<group>";
		};
		E4B69E1C0A3A1BDC003C02F2 /* src */ = {
			isa = PBXGroup;
			children = (
				E4B69E1D0A3A1BDC003C02F2 /* main.cpp */,
				E4B69E1E0A3A1BDC003C02F2 /* ofApp.cpp */,
				E4B69E1F0A3A1BDC003C02F2 /* ofApp.h */,
			);
			path = src;
			sourceTree = SOURCE_ROOT;
		};
		E4EEC9E9138DF44700A80321 /* openFrameworks */ = {
			isa = PBXGroup;
			children = (
				E4EB691F138AFCF100A09F29 /* CoreOF.xcconfig */,
				E4328143138ABC890047C5CB /* openFrameworksLib.xcodeproj */,
			);
			name = openFrameworks;
			sourceTree = "<group>";
		};
		E9B244A5B99F94CEECE615A5 /* src */ = {
			isa = PBXGroup;
			children = (
				E2A97415201F5FA000EA4DDC /* hap_old_images.c */,
				E2A97416201F5FA000EA4DDC /* hap_old_images.h */,
				46FC8DE8D6D117A0237B9F88 /* hap.c */,
				42FE5CAADBC3A886A061FB53 /* hap.h */,
			);
			name = src;
			sourceTree = "<group>";
		};
		EA62F73A62543A8FFE761039 /* src */ = {
			isa = PBXGroup;
			children = (
				1B17513730E98F50B6008CB1 /* ImageMath.c */,
				7FAE31611644E192EAE51228 /* ImageMath.h */,
				F2B3CA28994816A12E62CAA3 /* YCoCg.c */,
				715CEF1304CA91F04FBB7176 /* YCoCg.h */,
				19174FBD3CCE9EB637D7B7CF /* YCoCgDXT.cpp */,
				B12E3BF2F43B0BF3BA0AC235 /* YCoCgDXT.h */,
			);
			name = src;
			sourceTree = "<group>";
		};
		F883AABEF87F9A8828CBD6F3 /* include */ = {
			isa = PBXGroup;
			children = (
				BBD994B44529E5C2991EACD7 /* squish.h */,
			);
			name = include;
			sourceTree = "<group>";
		};
/* End PBXGroup section */

/* Begin PBXNativeTarget section */
		E4B69B5A0A3A1756003C02F2 /* example_ofxHapImage */ = {
			isa = PBXNativeTarget;
			buildConfigurationList = E4B69B5F0A3A1757003C02F2 /* Build configuration list for PBXNativeTarget "example_ofxHapImage" */;
			buildPhases = (
				E4B69B580A3A1756003C02F2 /* Sources */,
				E4B69B590A3A1756003C02F2 /* Frameworks */,
				E4B6FFFD0C3F9AB9008CF71C /* ShellScript */,
				E4C2427710CC5ABF004149E2 /* CopyFiles */,
			);
			buildRules = (
			);
			dependencies = (
				E4EEB9AC138B136A00A80321 /* PBXTargetDependency */,
			);
			name = example_ofxHapImage;
			productName = myOFApp;
			productReference = E4B69B5B0A3A1756003C02F2 /* example_ofxHapImageDebug.app */;
			productType = "com.apple.product-type.application";
		};
/* End PBXNativeTarget section */

/* Begin PBXProject section */
		E4B69B4C0A3A1720003C02F2 /* Project object */ = {
			isa = PBXProject;
			attributes = {
				LastUpgradeCheck = 0600;
			};
			buildConfigurationList = E4B69B4D0A3A1720003C02F2 /* Build configuration list for PBXProject "example_ofxHapImage" */;
			compatibilityVersion = "Xcode 3.2";
			developmentRegion = English;
			hasScannedForEncodings = 0;
			knownRegions = (
				English,
				Japanese,
				French,
				German,
			);
			mainGroup = E4B69B4A0A3A1720003C02F2;
			productRefGroup = E4B69B4A0A3A1720003C02F2;
			projectDirPath = "";
			projectReferences = (
				{
					ProductGroup = E4328144138ABC890047C5CB /* Products */;
					ProjectRef = E4328143138ABC890047C5CB /* openFrameworksLib.xcodeproj */;
				},
			);
			projectRoot = "";
			targets = (
				E4B69B5A0A3A1756003C02F2 /* example_ofxHapImage */,
			);
		};
/* End PBXProject section */

/* Begin PBXReferenceProxy section */
		E4328148138ABC890047C5CB /* openFrameworksDebug.a */ = {
			isa = PBXReferenceProxy;
			fileType = archive.ar;
			path = openFrameworksDebug.a;
			remoteRef = E4328147138ABC890047C5CB /* PBXContainerItemProxy */;
			sourceTree = BUILT_PRODUCTS_DIR;
		};
/* End PBXReferenceProxy section */

/* Begin PBXShellScriptBuildPhase section */
		E4B6FFFD0C3F9AB9008CF71C /* ShellScript */ = {
			isa = PBXShellScriptBuildPhase;
			buildActionMask = 2147483647;
			files = (
			);
			inputPaths = (
			);
			outputPaths = (
			);
			runOnlyForDeploymentPostprocessing = 0;
			shellPath = /bin/sh;
			shellScript = "rsync -aved ../../../libs/fmodex/lib/osx/libfmodex.dylib \"$TARGET_BUILD_DIR/$PRODUCT_NAME.app/Contents/MacOS/\"; install_name_tool -change ./libfmodex.dylib @executable_path/libfmodex.dylib \"$TARGET_BUILD_DIR/$PRODUCT_NAME.app/Contents/MacOS/$PRODUCT_NAME\";\nmkdir -p \"$TARGET_BUILD_DIR/$PRODUCT_NAME.app/Contents/Resources/\"\nrsync -aved \"$ICON_FILE\" \"$TARGET_BUILD_DIR/$PRODUCT_NAME.app/Contents/Resources/\"\nrsync -aved ../../../libs/glut/lib/osx/GLUT.framework \"$TARGET_BUILD_DIR/$PRODUCT_NAME.app/Contents/Frameworks/\"\n";
		};
/* End PBXShellScriptBuildPhase section */

/* Begin PBXSourcesBuildPhase section */
		E4B69B580A3A1756003C02F2 /* Sources */ = {
			isa = PBXSourcesBuildPhase;
			buildActionMask = 2147483647;
			files = (
				E4B69E200A3A1BDC003C02F2 /* main.cpp in Sources */,
				E4B69E210A3A1BDC003C02F2 /* ofApp.cpp in Sources */,
				3148B5F6EC92C6A602E01809 /* ofxHapImage.cpp in Sources */,
				D8E27E29F11EDB955EA1C308 /* hap.c in Sources */,
				C684590048438C8AC7B72633 /* ImageMath.c in Sources */,
				E2A97417201F5FA000EA4DDC /* hap_old_images.c in Sources */,
				72B491749BEF5E9BE30E7D40 /* YCoCg.c in Sources */,
				3CBC587175F3729357F3D777 /* YCoCgDXT.cpp in Sources */,
			);
			runOnlyForDeploymentPostprocessing = 0;
		};
/* End PBXSourcesBuildPhase section */

/* Begin PBXTargetDependency section */
		E4EEB9AC138B136A00A80321 /* PBXTargetDependency */ = {
			isa = PBXTargetDependency;
			name = openFrameworks;
			targetProxy = E4EEB9AB138B136A00A80321 /* PBXContainerItemProxy */;
		};
/* End PBXTargetDependency section */

/* Begin XCBuildConfiguration section */
		E4B69B4E0A3A1720003C02F2 /* Debug */ = {
			isa = XCBuildConfiguration;
			baseConfigurationReference = E4EB6923138AFD0F00A09F29 /* Project.xcconfig */;
			buildSettings = {
				CONFIGURATION_BUILD_DIR = "$(SRCROOT)/bin/";
				COPY_PHASE_STRIP = NO;
				DEAD_CODE_STRIPPING = YES;
				GCC_AUTO_VECTORIZATION = YES;
				GCC_ENABLE_SSE3_EXTENSIONS = YES;
				GCC_ENABLE_SUPPLEMENTAL_SSE3_INSTRUCTIONS = YES;
				GCC_INLINES_ARE_PRIVATE_EXTERN = NO;
				GCC_OPTIMIZATION_LEVEL = 0;
				GCC_SYMBOLS_PRIVATE_EXTERN = NO;
				GCC_WARN_ABOUT_DEPRECATED_FUNCTIONS = YES;
				GCC_WARN_ABOUT_INVALID_OFFSETOF_MACRO = NO;
				GCC_WARN_ALLOW_INCOMPLETE_PROTOCOL = NO;
				GCC_WARN_UNINITIALIZED_AUTOS = NO;
				GCC_WARN_UNUSED_VALUE = NO;
				GCC_WARN_UNUSED_VARIABLE = NO;
				HEADER_SEARCH_PATHS = (
					"$(OF_CORE_HEADERS)",
					src,
					../../../addons/ofxHapImage/libs,
					../../../addons/ofxHapImage/libs/Hap,
					../../../addons/ofxHapImage/libs/Hap/src,
					../../../addons/ofxHapImage/libs/YCoCgDXT,
					../../../addons/ofxHapImage/libs/YCoCgDXT/src,
					../../../addons/ofxHapImage/libs/snappy,
					../../../addons/ofxHapImage/libs/snappy/include,
					../../../addons/ofxHapImage/libs/snappy/lib,
					../../../addons/ofxHapImage/libs/snappy/lib/osx,
					../../../addons/ofxHapImage/libs/squish,
					../../../addons/ofxHapImage/libs/squish/include,
					../../../addons/ofxHapImage/libs/squish/lib,
					../../../addons/ofxHapImage/libs/squish/lib/osx,
					../../../addons/ofxHapImage/src,
				);
				MACOSX_DEPLOYMENT_TARGET = 10.8;
				ONLY_ACTIVE_ARCH = YES;
				OTHER_CPLUSPLUSFLAGS = (
					"-D__MACOSX_CORE__",
					"-mtune=native",
				);
				OTHER_LDFLAGS = (
					"$(OF_CORE_FRAMEWORKS)",
					"$(OF_CORE_LIBS)",
					../../../addons/ofxHapImage/libs/snappy/lib/osx/libsnappy.a,
					../../../addons/ofxHapImage/libs/squish/lib/osx/libsquish.a,
				);
				SDKROOT = macosx;
			};
			name = Debug;
		};
		E4B69B4F0A3A1720003C02F2 /* Release */ = {
			isa = XCBuildConfiguration;
			baseConfigurationReference = E4EB6923138AFD0F00A09F29 /* Project.xcconfig */;
			buildSettings = {
				CONFIGURATION_BUILD_DIR = "$(SRCROOT)/bin/";
				COPY_PHASE_STRIP = YES;
				DEAD_CODE_STRIPPING = YES;
				GCC_AUTO_VECTORIZATION = YES;
				GCC_ENABLE_SSE3_EXTENSIONS = YES;
				GCC_ENABLE_SUPPLEMENTAL_SSE3_INSTRUCTIONS = YES;
				GCC_INLINES_ARE_PRIVATE_EXTERN = NO;
				GCC_OPTIMIZATION_LEVEL = 3;
				GCC_SYMBOLS_PRIVATE_EXTERN = NO;
				GCC_UNROLL_LOOPS = YES;
				GCC_WARN_ABOUT_DEPRECATED_FUNCTIONS = YES;
				GCC_WARN_ABOUT_INVALID_OFFSETOF_MACRO = NO;
				GCC_WARN_ALLOW_INCOMPLETE_PROTOCOL = NO;
				GCC_WARN_UNINITIALIZED_AUTOS = NO;
				GCC_WARN_UNUSED_VALUE = NO;
				GCC_WARN_UNUSED_VARIABLE = NO;
				HEADER_SEARCH_PATHS = (
					"$(OF_CORE_HEADERS)",
					src,
					../../../addons/ofxHapImage/libs,
					../../../addons/ofxHapImage/libs/Hap,
					../../../addons/ofxHapImage/libs/Hap/src,
					../../../addons/ofxHapImage/libs/YCoCgDXT,
					../../../addons/ofxHapImage/libs/YCoCgDXT/src,
					../../../addons/ofxHapImage/libs/snappy,
					../../../addons/ofxHapImage/libs/snappy/include,
					../../../addons/ofxHapImage/libs/snappy/lib,
					../../../addons/ofxHapImage/libs/snappy/lib/osx,
					../../../addons/ofxHapImage/libs/squish,
					../../../addons/ofxHapImage/libs/squish/include,
					../../../addons/ofxHapImage/libs/squish/lib,
					../../../addons/ofxHapImage/libs/squish/lib/osx,
					../../../addons/ofxHapImage/src,
				);
				MACOSX_DEPLOYMENT_TARGET = 10.8;
				OTHER_CPLUSPLUSFLAGS = (
					"-D__MACOSX_CORE__",
					"-mtune=native",
				);
				OTHER_LDFLAGS = (
					"$(OF_CORE_FRAMEWORKS)",
					"$(OF_CORE_LIBS)",
					../../../addons/ofxHapImage/libs/snappy/lib/osx/libsnappy.a,
					../../../addons/ofxHapImage/libs/squish/lib/osx/libsquish.a,
				);
				SDKROOT = macosx;
			};
			name = Release;
		};
		E4B69B600A3A1757003C02F2 /* Debug */ = {
			isa = XCBuildConfiguration;
			baseConfigurationReference = E4EB6923138AFD0F00A09F29 /* Project.xcconfig */;
			buildSettings = {
				COMBINE_HIDPI_IMAGES = YES;
				COPY_PHASE_STRIP = NO;
				FRAMEWORK_SEARCH_PATHS = (
					"$(inherited)",
					"$(FRAMEWORK_SEARCH_PATHS_QUOTED_FOR_TARGET_1)",
				);
				FRAMEWORK_SEARCH_PATHS_QUOTED_FOR_TARGET_1 = "\"$(SRCROOT)/../../../libs/glut/lib/osx\"";
				GCC_DYNAMIC_NO_PIC = NO;
				GCC_GENERATE_DEBUGGING_SYMBOLS = YES;
				GCC_MODEL_TUNING = NONE;
				HEADER_SEARCH_PATHS = (
					"$(OF_CORE_HEADERS)",
					src,
					../../../addons/ofxHapImage/libs,
					../../../addons/ofxHapImage/libs/Hap,
					../../../addons/ofxHapImage/libs/Hap/src,
					../../../addons/ofxHapImage/libs/YCoCgDXT,
					../../../addons/ofxHapImage/libs/YCoCgDXT/src,
					../../../addons/ofxHapImage/libs/snappy,
					../../../addons/ofxHapImage/libs/snappy/include,
					../../../addons/ofxHapImage/libs/snappy/lib,
					../../../addons/ofxHapImage/libs/snappy/lib/osx,
					../../../addons/ofxHapImage/libs/squish,
					../../../addons/ofxHapImage/libs/squish/include,
					../../../addons/ofxHapImage/libs/squish/lib,
					../../../addons/ofxHapImage/libs/squish/lib/osx,
					../../../addons/ofxHapImage/src,
				);
				ICON = "$(ICON_NAME_DEBUG)";
				ICON_FILE = "$(ICON_FILE_PATH)$(ICON)";
				INFOPLIST_FILE = "openFrameworks-Info.plist";
				INSTALL_PATH = "$(HOME)/Applications";
				LIBRARY_SEARCH_PATHS = "$(inherited)";
				OTHER_LDFLAGS = (
					"$(OF_CORE_FRAMEWORKS)",
					"$(OF_CORE_LIBS)",
					../../../addons/ofxHapImage/libs/snappy/lib/osx/libsnappy.a,
					../../../addons/ofxHapImage/libs/squish/lib/osx/libsquish.a,
				);
				PRODUCT_NAME = "$(TARGET_NAME)Debug";
				WRAPPER_EXTENSION = app;
			};
			name = Debug;
		};
		E4B69B610A3A1757003C02F2 /* Release */ = {
			isa = XCBuildConfiguration;
			baseConfigurationReference = E4EB6923138AFD0F00A09F29 /* Project.xcconfig */;
			buildSettings = {
				COMBINE_HIDPI_IMAGES = YES;
				COPY_PHASE_STRIP = YES;
				FRAMEWORK_SEARCH_PATHS = (
					"$(inherited)",
					"$(FRAMEWORK_SEARCH_PATHS_QUOTED_FOR_TARGET_1)",
				);
				FRAMEWORK_SEARCH_PATHS_QUOTED_FOR_TARGET_1 = "\"$(SRCROOT)/../../../libs/glut/lib/osx\"";
				GCC_GENERATE_DEBUGGING_SYMBOLS = YES;
				GCC_MODEL_TUNING = NONE;
				HEADER_SEARCH_PATHS = (
					"$(OF_CORE_HEADERS)",
					src,
					../../../addons/ofxHapImage/libs,
					../../../addons/ofxHapImage/libs/Hap,
					../../../addons/ofxHapImage/libs/Hap/src,
					../../../addons/ofxHapImage/libs/YCoCgDXT,
					../../../addons/ofxHapImage/libs/YCoCgDXT/src,
					../../../addons/ofxHapImage/libs/snappy,
					../../../addons/ofxHapImage/libs/snappy/include,
					../../../addons/ofxHapImage/libs/snappy/lib,
					../../../addons/ofxHapImage/libs/snappy/lib/osx,
					../../../addons/ofxHapImage/libs/squish,
					../../../addons/ofxHapImage/libs/squish/include,
					../../../addons/ofxHapImage/libs/squish/lib,
					../../../addons/ofxHapImage/libs/squish/lib/osx,
					../../../addons/ofxHapImage/src,
				);
				ICON = "$(ICON_NAME_RELEASE)";
				ICON_FILE = "$(ICON_FILE_PATH)$(ICON)";
				INFOPLIST_FILE = "openFrameworks-Info.plist";
				INSTALL_PATH = "$(HOME)/Applications";
				LIBRARY_SEARCH_PATHS = "$(inherited)";
				OTHER_LDFLAGS = (
					"$(OF_CORE_FRAMEWORKS)",
					"$(OF_CORE_LIBS)",
					../../../addons/ofxHapImage/libs/snappy/lib/osx/libsnappy.a,
					../../../addons/ofxHapImage/libs/squish/lib/osx/libsquish.a,
				);
				PRODUCT_NAME = "$(TARGET_NAME)";
				WRAPPER_EXTENSION = app;
				baseConfigurationReference = E4EB6923138AFD0F00A09F29;
			};
			name = Release;
		};
/* End XCBuildConfiguration section */

/* Begin XCConfigurationList section */
		E4B69B4D0A3A1720003C02F2 /* Build configuration list for PBXProject "example_ofxHapImage" */ = {
			isa = XCConfigurationList;
			buildConfigurations = (
				E4B69B4E0A3A1720003C02F2 /* Debug */,
				E4B69B4F0A3A1720003C02F2 /* Release */,
			);
			defaultConfigurationIsVisible = 0;
			defaultConfigurationName = Release;
		};
		E4B69B5F0A3A1757003C02F2 /* Build configuration list for PBXNativeTarget "example_ofxHapImage" */ = {
			isa = XCConfigurationList;
			buildConfigurations = (
				E4B69B600A3A1757003C02F2 /* Debug */,
				E4B69B610A3A1757003C02F2 /* Release */,
			);
			defaultConfigurationIsVisible = 0;
			defaultConfigurationName = Release;
		};
/* End XCConfigurationList section */
	};
	rootObject = E4B69B4C0A3A1720003C02F2 /* Project object */;
}
